
Microsoft Visual Studio Solution File, Format Version 12.00
# Visual Studio Version 17
VisualStudioVersion = 17.0.31903.59
MinimumVisualStudioVersion = 10.0.40219.1
Project("{FAE04EC0-301F-11D3-BF4B-00C04F79EFBC}") = "Ticketing.Api", "Ticketing.Api\Ticketing.Api.csproj", "{4347113B-1BD1-4C36-A217-24F4D12C7591}"
EndProject
Project("{FAE04EC0-301F-11D3-BF4B-00C04F79EFBC}") = "Ticketing.Application", "Ticketing.Application\Ticketing.Application.csproj", "{10E4AD6D-BB12-4290-A335-253E812D64A3}"
EndProject
Project("{FAE04EC0-301F-11D3-BF4B-00C04F79EFBC}") = "Ticketing.Infrastructure", "Ticketing.Infrastructure\Ticketing.Infrastructure.csproj", "{9F95980C-C65F-43E7-87B8-0E7C82EDB09B}"
EndProject
Global
	GlobalSection(SolutionConfigurationPlatforms) = preSolution
		Debug|Any CPU = Debug|Any CPU
		Release|Any CPU = Release|Any CPU
	EndGlobalSection
	GlobalSection(SolutionProperties) = preSolution
		HideSolutionNode = FALSE
	EndGlobalSection
	GlobalSection(ProjectConfigurationPlatforms) = postSolution
		{4347113B-1BD1-4C36-A217-24F4D12C7591}.Debug|Any CPU.ActiveCfg = Debug|Any CPU
		{4347113B-1BD1-4C36-A217-24F4D12C7591}.Debug|Any CPU.Build.0 = Debug|Any CPU
		{4347113B-1BD1-4C36-A217-24F4D12C7591}.Release|Any CPU.ActiveCfg = Release|Any CPU
		{4347113B-1BD1-4C36-A217-24F4D12C7591}.Release|Any CPU.Build.0 = Release|Any CPU
		{10E4AD6D-BB12-4290-A335-253E812D64A3}.Debug|Any CPU.ActiveCfg = Debug|Any CPU
		{10E4AD6D-BB12-4290-A335-253E812D64A3}.Debug|Any CPU.Build.0 = Debug|Any CPU
		{10E4AD6D-BB12-4290-A335-253E812D64A3}.Release|Any CPU.ActiveCfg = Release|Any CPU
		{10E4AD6D-BB12-4290-A335-253E812D64A3}.Release|Any CPU.Build.0 = Release|Any CPU
		{9F95980C-C65F-43E7-87B8-0E7C82EDB09B}.Debug|Any CPU.ActiveCfg = Debug|Any CPU
		{9F95980C-C65F-43E7-87B8-0E7C82EDB09B}.Debug|Any CPU.Build.0 = Debug|Any CPU
		{9F95980C-C65F-43E7-87B8-0E7C82EDB09B}.Release|Any CPU.ActiveCfg = Release|Any CPU
		{9F95980C-C65F-43E7-87B8-0E7C82EDB09B}.Release|Any CPU.Build.0 = Release|Any CPU
	EndGlobalSection
EndGlobal
